
Microsoft Visual Studio Solution File, Format Version 11.00
# Visual Studio 2010
Project("{FAE04EC0-301F-11D3-BF4B-00C04F79EFBC}") = "Light.Args", "Light.Args\Light.Args.csproj", "{434DAB4F-4CD4-4746-B41F-CD4C7F802BDE}"
EndProject
Project("{FAE04EC0-301F-11D3-BF4B-00C04F79EFBC}") = "Light.Args.Demo", "Light.Args.Demo\Light.Args.Demo.csproj", "{D77E8CC1-15D3-4D05-8284-F62DD5C0C6D9}"
EndProject
Project("{FAE04EC0-301F-11D3-BF4B-00C04F79EFBC}") = "Light.Args.Test", "Light.Args.Test\Light.Args.Test.csproj", "{361DCB38-DEC2-4C82-ADA9-AFA56871C686}"
EndProject
Global
	GlobalSection(SolutionConfigurationPlatforms) = preSolution
		Debug|Any CPU = Debug|Any CPU
		Debug|Mixed Platforms = Debug|Mixed Platforms
		Debug|x86 = Debug|x86
		Release|Any CPU = Release|Any CPU
		Release|Mixed Platforms = Release|Mixed Platforms
		Release|x86 = Release|x86
	EndGlobalSection
	GlobalSection(ProjectConfigurationPlatforms) = postSolution
		{361DCB38-DEC2-4C82-ADA9-AFA56871C686}.Debug|Any CPU.ActiveCfg = Debug|Any CPU
		{361DCB38-DEC2-4C82-ADA9-AFA56871C686}.Debug|Any CPU.Build.0 = Debug|Any CPU
		{361DCB38-DEC2-4C82-ADA9-AFA56871C686}.Debug|Mixed Platforms.ActiveCfg = Debug|Any CPU
		{361DCB38-DEC2-4C82-ADA9-AFA56871C686}.Debug|Mixed Platforms.Build.0 = Debug|Any CPU
		{361DCB38-DEC2-4C82-ADA9-AFA56871C686}.Debug|x86.ActiveCfg = Debug|Any CPU
		{361DCB38-DEC2-4C82-ADA9-AFA56871C686}.Debug|x86.Build.0 = Debug|Any CPU
		{361DCB38-DEC2-4C82-ADA9-AFA56871C686}.Release|Any CPU.ActiveCfg = Release|Any CPU
		{361DCB38-DEC2-4C82-ADA9-AFA56871C686}.Release|Any CPU.Build.0 = Release|Any CPU
		{361DCB38-DEC2-4C82-ADA9-AFA56871C686}.Release|Mixed Platforms.ActiveCfg = Release|Any CPU
		{361DCB38-DEC2-4C82-ADA9-AFA56871C686}.Release|Mixed Platforms.Build.0 = Release|Any CPU
		{361DCB38-DEC2-4C82-ADA9-AFA56871C686}.Release|x86.ActiveCfg = Release|Any CPU
		{361DCB38-DEC2-4C82-ADA9-AFA56871C686}.Release|x86.Build.0 = Release|Any CPU
		{434DAB4F-4CD4-4746-B41F-CD4C7F802BDE}.Debug|Any CPU.ActiveCfg = Debug|Any CPU
		{434DAB4F-4CD4-4746-B41F-CD4C7F802BDE}.Debug|Any CPU.Build.0 = Debug|Any CPU
		{434DAB4F-4CD4-4746-B41F-CD4C7F802BDE}.Debug|Mixed Platforms.ActiveCfg = Debug|Any CPU
		{434DAB4F-4CD4-4746-B41F-CD4C7F802BDE}.Debug|Mixed Platforms.Build.0 = Debug|Any CPU
		{434DAB4F-4CD4-4746-B41F-CD4C7F802BDE}.Debug|x86.ActiveCfg = Debug|Any CPU
		{434DAB4F-4CD4-4746-B41F-CD4C7F802BDE}.Release|Any CPU.ActiveCfg = Release|Any CPU
		{434DAB4F-4CD4-4746-B41F-CD4C7F802BDE}.Release|Any CPU.Build.0 = Release|Any CPU
		{434DAB4F-4CD4-4746-B41F-CD4C7F802BDE}.Release|Mixed Platforms.ActiveCfg = Release|Any CPU
		{434DAB4F-4CD4-4746-B41F-CD4C7F802BDE}.Release|Mixed Platforms.Build.0 = Release|Any CPU
		{434DAB4F-4CD4-4746-B41F-CD4C7F802BDE}.Release|x86.ActiveCfg = Release|Any CPU
		{D77E8CC1-15D3-4D05-8284-F62DD5C0C6D9}.Debug|Any CPU.ActiveCfg = Debug|Any CPU
		{D77E8CC1-15D3-4D05-8284-F62DD5C0C6D9}.Debug|Any CPU.Build.0 = Debug|Any CPU
		{D77E8CC1-15D3-4D05-8284-F62DD5C0C6D9}.Debug|Mixed Platforms.ActiveCfg = Debug|Any CPU
		{D77E8CC1-15D3-4D05-8284-F62DD5C0C6D9}.Debug|Mixed Platforms.Build.0 = Debug|Any CPU
		{D77E8CC1-15D3-4D05-8284-F62DD5C0C6D9}.Debug|x86.ActiveCfg = Debug|Any CPU
		{D77E8CC1-15D3-4D05-8284-F62DD5C0C6D9}.Debug|x86.Build.0 = Debug|Any CPU
		{D77E8CC1-15D3-4D05-8284-F62DD5C0C6D9}.Release|Any CPU.ActiveCfg = Release|Any CPU
		{D77E8CC1-15D3-4D05-8284-F62DD5C0C6D9}.Release|Any CPU.Build.0 = Release|Any CPU
		{D77E8CC1-15D3-4D05-8284-F62DD5C0C6D9}.Release|Mixed Platforms.ActiveCfg = Release|Any CPU
		{D77E8CC1-15D3-4D05-8284-F62DD5C0C6D9}.Release|Mixed Platforms.Build.0 = Release|Any CPU
		{D77E8CC1-15D3-4D05-8284-F62DD5C0C6D9}.Release|x86.ActiveCfg = Release|Any CPU
		{D77E8CC1-15D3-4D05-8284-F62DD5C0C6D9}.Release|x86.Build.0 = Release|Any CPU
	EndGlobalSection
	GlobalSection(TestCaseManagementSettings) = postSolution
		CategoryFile = Light.Args.vsmdi
	EndGlobalSection
	GlobalSection(SolutionProperties) = preSolution
		HideSolutionNode = FALSE
	EndGlobalSection
EndGlobal
